
Microsoft Visual Studio Solution File, Format Version 12.00
# Visual Studio Version 16
VisualStudioVersion = 16.0.31515.178
MinimumVisualStudioVersion = 10.0.40219.1
Project("{FAE04EC0-301F-11D3-BF4B-00C04F79EFBC}") = "csApp1", "csApp1\csApp1.csproj", "{1D09D494-D40A-43EF-89C9-739F1E38B117}"
EndProject
Global
	GlobalSection(SolutionConfigurationPlatforms) = preSolution
		Debug|Any CPU = Debug|Any CPU
		Release|Any CPU = Release|Any CPU
	EndGlobalSection
	GlobalSection(ProjectConfigurationPlatforms) = postSolution
		{1D09D494-D40A-43EF-89C9-739F1E38B117}.Debug|Any CPU.ActiveCfg = Debug|Any CPU
		{1D09D494-D40A-43EF-89C9-739F1E38B117}.Debug|Any CPU.Build.0 = Debug|Any CPU
		{1D09D494-D40A-43EF-89C9-739F1E38B117}.Release|Any CPU.ActiveCfg = Release|Any CPU
		{1D09D494-D40A-43EF-89C9-739F1E38B117}.Release|Any CPU.Build.0 = Release|Any CPU
	EndGlobalSection
	GlobalSection(SolutionProperties) = preSolution
		HideSolutionNode = FALSE
	EndGlobalSection
	GlobalSection(ExtensibilityGlobals) = postSolution
		SolutionGuid = {78F0669E-D2EF-4FC3-BEB4-3428E082F60E}
	EndGlobalSection
EndGlobal
